
Microsoft Visual Studio Solution File, Format Version 12.00
# Visual Studio Version 16
VisualStudioVersion = 16.0.30011.22
MinimumVisualStudioVersion = 10.0.40219.1
Project("{FAE04EC0-301F-11D3-BF4B-00C04F79EFBC}") = "TennisCourtReservations", "TennisCourtReservations\TennisCourtReservations.csproj", "{1022738B-8DB4-4C05-982A-47CCB3C72F68}"
EndProject
Project("{9A19103F-16F7-4668-BE54-9A1E7A4F7556}") = "TennisCourtReservationsDb", "..\TennisCourtReservationsDb\TennisCourtReservationsDb\TennisCourtReservationsDb.csproj", "{6821E878-EB86-426D-A617-5BCA4C32FE43}"
EndProject
Global
	GlobalSection(SolutionConfigurationPlatforms) = preSolution
		Debug|Any CPU = Debug|Any CPU
		Release|Any CPU = Release|Any CPU
	EndGlobalSection
	GlobalSection(ProjectConfigurationPlatforms) = postSolution
		{1022738B-8DB4-4C05-982A-47CCB3C72F68}.Debug|Any CPU.ActiveCfg = Debug|Any CPU
		{1022738B-8DB4-4C05-982A-47CCB3C72F68}.Debug|Any CPU.Build.0 = Debug|Any CPU
		{1022738B-8DB4-4C05-982A-47CCB3C72F68}.Release|Any CPU.ActiveCfg = Release|Any CPU
		{1022738B-8DB4-4C05-982A-47CCB3C72F68}.Release|Any CPU.Build.0 = Release|Any CPU
		{6821E878-EB86-426D-A617-5BCA4C32FE43}.Debug|Any CPU.ActiveCfg = Debug|Any CPU
		{6821E878-EB86-426D-A617-5BCA4C32FE43}.Debug|Any CPU.Build.0 = Debug|Any CPU
		{6821E878-EB86-426D-A617-5BCA4C32FE43}.Release|Any CPU.ActiveCfg = Release|Any CPU
		{6821E878-EB86-426D-A617-5BCA4C32FE43}.Release|Any CPU.Build.0 = Release|Any CPU
	EndGlobalSection
	GlobalSection(SolutionProperties) = preSolution
		HideSolutionNode = FALSE
	EndGlobalSection
	GlobalSection(ExtensibilityGlobals) = postSolution
		SolutionGuid = {76CF39B6-7834-41FF-8A9D-7082B0B3B53D}
	EndGlobalSection
EndGlobal
